
Microsoft Visual Studio Solution File, Format Version 12.00
# Visual Studio Version 16
VisualStudioVersion = 25.0.1703.4
MinimumVisualStudioVersion = 10.0.40219.1
Project("{FAE04EC0-301F-11D3-BF4B-00C04F79EFBC}") = "Udemy-Webapp", "Udemy-Webapp\Udemy-Webapp.csproj", "{3CBB837F-F028-4FB1-8474-4CA3B6274E39}"
EndProject
Global
	GlobalSection(SolutionConfigurationPlatforms) = preSolution
		Debug|Any CPU = Debug|Any CPU
		Release|Any CPU = Release|Any CPU
	EndGlobalSection
	GlobalSection(ProjectConfigurationPlatforms) = postSolution
		{3CBB837F-F028-4FB1-8474-4CA3B6274E39}.Debug|Any CPU.ActiveCfg = Debug|Any CPU
		{3CBB837F-F028-4FB1-8474-4CA3B6274E39}.Debug|Any CPU.Build.0 = Debug|Any CPU
		{3CBB837F-F028-4FB1-8474-4CA3B6274E39}.Release|Any CPU.ActiveCfg = Release|Any CPU
		{3CBB837F-F028-4FB1-8474-4CA3B6274E39}.Release|Any CPU.Build.0 = Release|Any CPU
	EndGlobalSection
	GlobalSection(SolutionProperties) = preSolution
		HideSolutionNode = FALSE
	EndGlobalSection
	GlobalSection(ExtensibilityGlobals) = postSolution
		SolutionGuid = {AA01912C-7B9D-4761-8B57-FD31FB6D2C69}
	EndGlobalSection
EndGlobal
